
Microsoft Visual Studio Solution File, Format Version 12.00
# Visual Studio 2013
VisualStudioVersion = 12.0.31101.0
MinimumVisualStudioVersion = 10.0.40219.1
Project("{F184B08F-C81C-45F6-A57F-5ABD9991F28F}") = "Transaction_Logs", "Transaction_Logs\Transaction_Logs.vbproj", "{E6015D3E-4000-4F63-AE0A-DB0024A40D12}"
EndProject
Project("{F184B08F-C81C-45F6-A57F-5ABD9991F28F}") = "Biometric_logs", "Biometric_logs\Biometric_logs.vbproj", "{6B9E5D4B-B63A-4D1B-80B2-29B9F03EC9B0}"
EndProject
Global
	GlobalSection(SolutionConfigurationPlatforms) = preSolution
		Debug|Any CPU = Debug|Any CPU
		Release|Any CPU = Release|Any CPU
	EndGlobalSection
	GlobalSection(ProjectConfigurationPlatforms) = postSolution
		{E6015D3E-4000-4F63-AE0A-DB0024A40D12}.Debug|Any CPU.ActiveCfg = Debug|Any CPU
		{E6015D3E-4000-4F63-AE0A-DB0024A40D12}.Debug|Any CPU.Build.0 = Debug|Any CPU
		{E6015D3E-4000-4F63-AE0A-DB0024A40D12}.Release|Any CPU.ActiveCfg = Release|Any CPU
		{E6015D3E-4000-4F63-AE0A-DB0024A40D12}.Release|Any CPU.Build.0 = Release|Any CPU
		{6B9E5D4B-B63A-4D1B-80B2-29B9F03EC9B0}.Debug|Any CPU.ActiveCfg = Debug|Any CPU
		{6B9E5D4B-B63A-4D1B-80B2-29B9F03EC9B0}.Debug|Any CPU.Build.0 = Debug|Any CPU
		{6B9E5D4B-B63A-4D1B-80B2-29B9F03EC9B0}.Release|Any CPU.ActiveCfg = Release|Any CPU
		{6B9E5D4B-B63A-4D1B-80B2-29B9F03EC9B0}.Release|Any CPU.Build.0 = Release|Any CPU
	EndGlobalSection
	GlobalSection(SolutionProperties) = preSolution
		HideSolutionNode = FALSE
	EndGlobalSection
EndGlobal
